// !$*UTF8*$!
{
	archiveVersion = 1;
	classes = {
	};
	objectVersion = 46;
	objects = {

/* Begin PBXBuildFile section */
		D4B1B89D1CDBFB5000562201 /* AppDelegate.swift in Sources */ = {isa = PBXBuildFile; fileRef = D4B1B89C1CDBFB5000562201 /* AppDelegate.swift */; };
		D4B1B89F1CDBFB5000562201 /* ViewController.swift in Sources */ = {isa = PBXBuildFile; fileRef = D4B1B89E1CDBFB5000562201 /* ViewController.swift */; };
		D4B1B8A11CDBFB5100562201 /* Assets.xcassets in Resources */ = {isa = PBXBuildFile; fileRef = D4B1B8A01CDBFB5100562201 /* Assets.xcassets */; };
		D4B1B8A41CDBFB5100562201 /* Main.storyboard in Resources */ = {isa = PBXBuildFile; fileRef = D4B1B8A21CDBFB5100562201 /* Main.storyboard */; };
		D4B1B8AF1CDBFB5100562201 /* CBZedTests.swift in Sources */ = {isa = PBXBuildFile; fileRef = D4B1B8AE1CDBFB5100562201 /* CBZedTests.swift */; };
		D4B1B8BA1CDBFB5100562201 /* CBZedUITests.swift in Sources */ = {isa = PBXBuildFile; fileRef = D4B1B8B91CDBFB5100562201 /* CBZedUITests.swift */; };
		D4F1D5B61CEFA38100A1507D /* Zipper.swift in Sources */ = {isa = PBXBuildFile; fileRef = D4F1D5B51CEFA38100A1507D /* Zipper.swift */; };
		D4F1D5ED1CF10CAF00A1507D /* ProgressIndicatorViewController.swift in Sources */ = {isa = PBXBuildFile; fileRef = D4F1D5EC1CF10CAF00A1507D /* ProgressIndicatorViewController.swift */; };
		D4FF8A581CE5538D0057F553 /* FileSystemObject.swift in Sources */ = {isa = PBXBuildFile; fileRef = D47EA0401CE3CE2500136654 /* FileSystemObject.swift */; };
/* End PBXBuildFile section */

/* Begin PBXContainerItemProxy section */
		D4B1B8AB1CDBFB5100562201 /* PBXContainerItemProxy */ = {
			isa = PBXContainerItemProxy;
			containerPortal = D4B1B8911CDBFB5000562201 /* Project object */;
			proxyType = 1;
			remoteGlobalIDString = D4B1B8981CDBFB5000562201;
			remoteInfo = CBZed;
		};
		D4B1B8B61CDBFB5100562201 /* PBXContainerItemProxy */ = {
			isa = PBXContainerItemProxy;
			containerPortal = D4B1B8911CDBFB5000562201 /* Project object */;
			proxyType = 1;
			remoteGlobalIDString = D4B1B8981CDBFB5000562201;
			remoteInfo = CBZed;
		};
/* End PBXContainerItemProxy section */

/* Begin PBXFileReference section */
		D47EA0401CE3CE2500136654 /* FileSystemObject.swift */ = {isa = PBXFileReference; fileEncoding = 4; lastKnownFileType = sourcecode.swift; lineEnding = 0; path = FileSystemObject.swift; sourceTree = "<group>"; xcLanguageSpecificationIdentifier = xcode.lang.swift; };
		D4B1B8991CDBFB5000562201 /* CBZed.app */ = {isa = PBXFileReference; explicitFileType = wrapper.application; includeInIndex = 0; path = CBZed.app; sourceTree = BUILT_PRODUCTS_DIR; };
		D4B1B89C1CDBFB5000562201 /* AppDelegate.swift */ = {isa = PBXFileReference; lastKnownFileType = sourcecode.swift; lineEnding = 0; path = AppDelegate.swift; sourceTree = "<group>"; xcLanguageSpecificationIdentifier = xcode.lang.swift; };
		D4B1B89E1CDBFB5000562201 /* ViewController.swift */ = {isa = PBXFileReference; lastKnownFileType = sourcecode.swift; lineEnding = 0; path = ViewController.swift; sourceTree = "<group>"; xcLanguageSpecificationIdentifier = xcode.lang.swift; };
		D4B1B8A01CDBFB5100562201 /* Assets.xcassets */ = {isa = PBXFileReference; lastKnownFileType = folder.assetcatalog; path = Assets.xcassets; sourceTree = "<group>"; };
		D4B1B8A31CDBFB5100562201 /* Base */ = {isa = PBXFileReference; lastKnownFileType = file.storyboard; name = Base; path = Base.lproj/Main.storyboard; sourceTree = "<group>"; };
		D4B1B8A51CDBFB5100562201 /* Info.plist */ = {isa = PBXFileReference; lastKnownFileType = text.plist.xml; path = Info.plist; sourceTree = "<group>"; };
		D4B1B8AA1CDBFB5100562201 /* CBZedTests.xctest */ = {isa = PBXFileReference; explicitFileType = wrapper.cfbundle; includeInIndex = 0; path = CBZedTests.xctest; sourceTree = BUILT_PRODUCTS_DIR; };
		D4B1B8AE1CDBFB5100562201 /* CBZedTests.swift */ = {isa = PBXFileReference; lastKnownFileType = sourcecode.swift; lineEnding = 0; path = CBZedTests.swift; sourceTree = "<group>"; xcLanguageSpecificationIdentifier = xcode.lang.swift; };
		D4B1B8B01CDBFB5100562201 /* Info.plist */ = {isa = PBXFileReference; lastKnownFileType = text.plist.xml; path = Info.plist; sourceTree = "<group>"; };
		D4B1B8B51CDBFB5100562201 /* CBZedUITests.xctest */ = {isa = PBXFileReference; explicitFileType = wrapper.cfbundle; includeInIndex = 0; path = CBZedUITests.xctest; sourceTree = BUILT_PRODUCTS_DIR; };
		D4B1B8B91CDBFB5100562201 /* CBZedUITests.swift */ = {isa = PBXFileReference; lastKnownFileType = sourcecode.swift; lineEnding = 0; path = CBZedUITests.swift; sourceTree = "<group>"; xcLanguageSpecificationIdentifier = xcode.lang.swift; };
		D4B1B8BB1CDBFB5100562201 /* Info.plist */ = {isa = PBXFileReference; lastKnownFileType = text.plist.xml; path = Info.plist; sourceTree = "<group>"; };
		D4F1D5B51CEFA38100A1507D /* Zipper.swift */ = {isa = PBXFileReference; fileEncoding = 4; lastKnownFileType = sourcecode.swift; lineEnding = 0; path = Zipper.swift; sourceTree = "<group>"; xcLanguageSpecificationIdentifier = xcode.lang.swift; };
		D4F1D5EC1CF10CAF00A1507D /* ProgressIndicatorViewController.swift */ = {isa = PBXFileReference; fileEncoding = 4; lastKnownFileType = sourcecode.swift; lineEnding = 0; path = ProgressIndicatorViewController.swift; sourceTree = "<group>"; xcLanguageSpecificationIdentifier = xcode.lang.swift; };
/* End PBXFileReference section */

/* Begin PBXFrameworksBuildPhase section */
		D4B1B8961CDBFB5000562201 /* Frameworks */ = {
			isa = PBXFrameworksBuildPhase;
			buildActionMask = 2147483647;
			files = (
			);
			runOnlyForDeploymentPostprocessing = 0;
		};
		D4B1B8A71CDBFB5100562201 /* Frameworks */ = {
			isa = PBXFrameworksBuildPhase;
			buildActionMask = 2147483647;
			files = (
			);
			runOnlyForDeploymentPostprocessing = 0;
		};
		D4B1B8B21CDBFB5100562201 /* Frameworks */ = {
			isa = PBXFrameworksBuildPhase;
			buildActionMask = 2147483647;
			files = (
			);
			runOnlyForDeploymentPostprocessing = 0;
		};
/* End PBXFrameworksBuildPhase section */

/* Begin PBXGroup section */
		D4B1B8901CDBFB5000562201 = {
			isa = PBXGroup;
			children = (
				D4B1B89B1CDBFB5000562201 /* CBZed */,
				D4B1B8AD1CDBFB5100562201 /* CBZedTests */,
				D4B1B8B81CDBFB5100562201 /* CBZedUITests */,
				D4B1B89A1CDBFB5000562201 /* Products */,
			);
			sourceTree = "<group>";
		};
		D4B1B89A1CDBFB5000562201 /* Products */ = {
			isa = PBXGroup;
			children = (
				D4B1B8991CDBFB5000562201 /* CBZed.app */,
				D4B1B8AA1CDBFB5100562201 /* CBZedTests.xctest */,
				D4B1B8B51CDBFB5100562201 /* CBZedUITests.xctest */,
			);
			name = Products;
			sourceTree = "<group>";
		};
		D4B1B89B1CDBFB5000562201 /* CBZed */ = {
			isa = PBXGroup;
			children = (
				D4F1D5B51CEFA38100A1507D /* Zipper.swift */,
				D4B1B89C1CDBFB5000562201 /* AppDelegate.swift */,
				D4B1B89E1CDBFB5000562201 /* ViewController.swift */,
				D4B1B8A01CDBFB5100562201 /* Assets.xcassets */,
				D4B1B8A21CDBFB5100562201 /* Main.storyboard */,
				D4F1D5EC1CF10CAF00A1507D /* ProgressIndicatorViewController.swift */,
				D4B1B8A51CDBFB5100562201 /* Info.plist */,
				D47EA0401CE3CE2500136654 /* FileSystemObject.swift */,
			);
			path = CBZed;
			sourceTree = "<group>";
		};
		D4B1B8AD1CDBFB5100562201 /* CBZedTests */ = {
			isa = PBXGroup;
			children = (
				D4B1B8AE1CDBFB5100562201 /* CBZedTests.swift */,
				D4B1B8B01CDBFB5100562201 /* Info.plist */,
			);
			path = CBZedTests;
			sourceTree = "<group>";
		};
		D4B1B8B81CDBFB5100562201 /* CBZedUITests */ = {
			isa = PBXGroup;
			children = (
				D4B1B8B91CDBFB5100562201 /* CBZedUITests.swift */,
				D4B1B8BB1CDBFB5100562201 /* Info.plist */,
			);
			path = CBZedUITests;
			sourceTree = "<group>";
		};
/* End PBXGroup section */

/* Begin PBXNativeTarget section */
		D4B1B8981CDBFB5000562201 /* CBZed */ = {
			isa = PBXNativeTarget;
			buildConfigurationList = D4B1B8BE1CDBFB5100562201 /* Build configuration list for PBXNativeTarget "CBZed" */;
			buildPhases = (
				D4B1B8951CDBFB5000562201 /* Sources */,
				D4B1B8961CDBFB5000562201 /* Frameworks */,
				D4B1B8971CDBFB5000562201 /* Resources */,
			);
			buildRules = (
			);
			dependencies = (
			);
			name = CBZed;
			productName = CBZed;
			productReference = D4B1B8991CDBFB5000562201 /* CBZed.app */;
			productType = "com.apple.product-type.application";
		};
		D4B1B8A91CDBFB5100562201 /* CBZedTests */ = {
			isa = PBXNativeTarget;
			buildConfigurationList = D4B1B8C11CDBFB5100562201 /* Build configuration list for PBXNativeTarget "CBZedTests" */;
			buildPhases = (
				D4B1B8A61CDBFB5100562201 /* Sources */,
				D4B1B8A71CDBFB5100562201 /* Frameworks */,
				D4B1B8A81CDBFB5100562201 /* Resources */,
			);
			buildRules = (
			);
			dependencies = (
				D4B1B8AC1CDBFB5100562201 /* PBXTargetDependency */,
			);
			name = CBZedTests;
			productName = CBZedTests;
			productReference = D4B1B8AA1CDBFB5100562201 /* CBZedTests.xctest */;
			productType = "com.apple.product-type.bundle.unit-test";
		};
		D4B1B8B41CDBFB5100562201 /* CBZedUITests */ = {
			isa = PBXNativeTarget;
			buildConfigurationList = D4B1B8C41CDBFB5100562201 /* Build configuration list for PBXNativeTarget "CBZedUITests" */;
			buildPhases = (
				D4B1B8B11CDBFB5100562201 /* Sources */,
				D4B1B8B21CDBFB5100562201 /* Frameworks */,
				D4B1B8B31CDBFB5100562201 /* Resources */,
			);
			buildRules = (
			);
			dependencies = (
				D4B1B8B71CDBFB5100562201 /* PBXTargetDependency */,
			);
			name = CBZedUITests;
			productName = CBZedUITests;
			productReference = D4B1B8B51CDBFB5100562201 /* CBZedUITests.xctest */;
			productType = "com.apple.product-type.bundle.ui-testing";
		};
/* End PBXNativeTarget section */

/* Begin PBXProject section */
		D4B1B8911CDBFB5000562201 /* Project object */ = {
			isa = PBXProject;
			attributes = {
				LastSwiftUpdateCheck = 0730;
				LastUpgradeCheck = 0730;
				ORGANIZATIONNAME = "Janken Studios";
				TargetAttributes = {
					D4B1B8981CDBFB5000562201 = {
						CreatedOnToolsVersion = 7.3.1;
					};
					D4B1B8A91CDBFB5100562201 = {
						CreatedOnToolsVersion = 7.3.1;
						TestTargetID = D4B1B8981CDBFB5000562201;
					};
					D4B1B8B41CDBFB5100562201 = {
						CreatedOnToolsVersion = 7.3.1;
						TestTargetID = D4B1B8981CDBFB5000562201;
					};
				};
			};
			buildConfigurationList = D4B1B8941CDBFB5000562201 /* Build configuration list for PBXProject "CBZed" */;
			compatibilityVersion = "Xcode 3.2";
			developmentRegion = English;
			hasScannedForEncodings = 0;
			knownRegions = (
				en,
				Base,
			);
			mainGroup = D4B1B8901CDBFB5000562201;
			productRefGroup = D4B1B89A1CDBFB5000562201 /* Products */;
			projectDirPath = "";
			projectRoot = "";
			targets = (
				D4B1B8981CDBFB5000562201 /* CBZed */,
				D4B1B8A91CDBFB5100562201 /* CBZedTests */,
				D4B1B8B41CDBFB5100562201 /* CBZedUITests */,
			);
		};
/* End PBXProject section */

/* Begin PBXResourcesBuildPhase section */
		D4B1B8971CDBFB5000562201 /* Resources */ = {
			isa = PBXResourcesBuildPhase;
			buildActionMask = 2147483647;
			files = (
				D4B1B8A11CDBFB5100562201 /* Assets.xcassets in Resources */,
				D4B1B8A41CDBFB5100562201 /* Main.storyboard in Resources */,
			);
			runOnlyForDeploymentPostprocessing = 0;
		};
		D4B1B8A81CDBFB5100562201 /* Resources */ = {
			isa = PBXResourcesBuildPhase;
			buildActionMask = 2147483647;
			files = (
			);
			runOnlyForDeploymentPostprocessing = 0;
		};
		D4B1B8B31CDBFB5100562201 /* Resources */ = {
			isa = PBXResourcesBuildPhase;
			buildActionMask = 2147483647;
			files = (
			);
			runOnlyForDeploymentPostprocessing = 0;
		};
/* End PBXResourcesBuildPhase section */

/* Begin PBXSourcesBuildPhase section */
		D4B1B8951CDBFB5000562201 /* Sources */ = {
			isa = PBXSourcesBuildPhase;
			buildActionMask = 2147483647;
			files = (
				D4B1B89F1CDBFB5000562201 /* ViewController.swift in Sources */,
				D4F1D5B61CEFA38100A1507D /* Zipper.swift in Sources */,
				D4F1D5ED1CF10CAF00A1507D /* ProgressIndicatorViewController.swift in Sources */,
				D4FF8A581CE5538D0057F553 /* FileSystemObject.swift in Sources */,
				D4B1B89D1CDBFB5000562201 /* AppDelegate.swift in Sources */,
			);
			runOnlyForDeploymentPostprocessing = 0;
		};
		D4B1B8A61CDBFB5100562201 /* Sources */ = {
			isa = PBXSourcesBuildPhase;
			buildActionMask = 2147483647;
			files = (
				D4B1B8AF1CDBFB5100562201 /* CBZedTests.swift in Sources */,
			);
			runOnlyForDeploymentPostprocessing = 0;
		};
		D4B1B8B11CDBFB5100562201 /* Sources */ = {
			isa = PBXSourcesBuildPhase;
			buildActionMask = 2147483647;
			files = (
				D4B1B8BA1CDBFB5100562201 /* CBZedUITests.swift in Sources */,
			);
			runOnlyForDeploymentPostprocessing = 0;
		};
/* End PBXSourcesBuildPhase section */

/* Begin PBXTargetDependency section */
		D4B1B8AC1CDBFB5100562201 /* PBXTargetDependency */ = {
			isa = PBXTargetDependency;
			target = D4B1B8981CDBFB5000562201 /* CBZed */;
			targetProxy = D4B1B8AB1CDBFB5100562201 /* PBXContainerItemProxy */;
		};
		D4B1B8B71CDBFB5100562201 /* PBXTargetDependency */ = {
			isa = PBXTargetDependency;
			target = D4B1B8981CDBFB5000562201 /* CBZed */;
			targetProxy = D4B1B8B61CDBFB5100562201 /* PBXContainerItemProxy */;
		};
/* End PBXTargetDependency section */

/* Begin PBXVariantGroup section */
		D4B1B8A21CDBFB5100562201 /* Main.storyboard */ = {
			isa = PBXVariantGroup;
			children = (
				D4B1B8A31CDBFB5100562201 /* Base */,
			);
			name = Main.storyboard;
			sourceTree = "<group>";
		};
/* End PBXVariantGroup section */

/* Begin XCBuildConfiguration section */
		D4B1B8BC1CDBFB5100562201 /* Debug */ = {
			isa = XCBuildConfiguration;
			buildSettings = {
				ALWAYS_SEARCH_USER_PATHS = NO;
				CLANG_ANALYZER_NONNULL = YES;
				CLANG_CXX_LANGUAGE_STANDARD = "gnu++0x";
				CLANG_CXX_LIBRARY = "libc++";
				CLANG_ENABLE_MODULES = YES;
				CLANG_ENABLE_OBJC_ARC = YES;
				CLANG_WARN_BOOL_CONVERSION = YES;
				CLANG_WARN_CONSTANT_CONVERSION = YES;
				CLANG_WARN_DIRECT_OBJC_ISA_USAGE = YES_ERROR;
				CLANG_WARN_EMPTY_BODY = YES;
				CLANG_WARN_ENUM_CONVERSION = YES;
				CLANG_WARN_INT_CONVERSION = YES;
				CLANG_WARN_OBJC_ROOT_CLASS = YES_ERROR;
				CLANG_WARN_UNREACHABLE_CODE = YES;
				CLANG_WARN__DUPLICATE_METHOD_MATCH = YES;
				CODE_SIGN_IDENTITY = "-";
				COPY_PHASE_STRIP = NO;
				DEBUG_INFORMATION_FORMAT = dwarf;
				ENABLE_STRICT_OBJC_MSGSEND = YES;
				ENABLE_TESTABILITY = YES;
				GCC_C_LANGUAGE_STANDARD = gnu99;
				GCC_DYNAMIC_NO_PIC = NO;
				GCC_NO_COMMON_BLOCKS = YES;
				GCC_OPTIMIZATION_LEVEL = 0;
				GCC_PREPROCESSOR_DEFINITIONS = (
					"DEBUG=1",
					"$(inherited)",
				);
				GCC_WARN_64_TO_32_BIT_CONVERSION = YES;
				GCC_WARN_ABOUT_RETURN_TYPE = YES_ERROR;
				GCC_WARN_UNDECLARED_SELECTOR = YES;
				GCC_WARN_UNINITIALIZED_AUTOS = YES_AGGRESSIVE;
				GCC_WARN_UNUSED_FUNCTION = YES;
				GCC_WARN_UNUSED_VARIABLE = YES;
				MACOSX_DEPLOYMENT_TARGET = 10.11;
				MTL_ENABLE_DEBUG_INFO = YES;
				ONLY_ACTIVE_ARCH = YES;
				SDKROOT = macosx;
				SWIFT_OPTIMIZATION_LEVEL = "-Onone";
			};
			name = Debug;
		};
		D4B1B8BD1CDBFB5100562201 /* Release */ = {
			isa = XCBuildConfiguration;
			buildSettings = {
				ALWAYS_SEARCH_USER_PATHS = NO;
				CLANG_ANALYZER_NONNULL = YES;
				CLANG_CXX_LANGUAGE_STANDARD = "gnu++0x";
				CLANG_CXX_LIBRARY = "libc++";
				CLANG_ENABLE_MODULES = YES;
				CLANG_ENABLE_OBJC_ARC = YES;
				CLANG_WARN_BOOL_CONVERSION = YES;
				CLANG_WARN_CONSTANT_CONVERSION = YES;
				CLANG_WARN_DIRECT_OBJC_ISA_USAGE = YES_ERROR;
				CLANG_WARN_EMPTY_BODY = YES;
				CLANG_WARN_ENUM_CONVERSION = YES;
				CLANG_WARN_INT_CONVERSION = YES;
				CLANG_WARN_OBJC_ROOT_CLASS = YES_ERROR;
				CLANG_WARN_UNREACHABLE_CODE = YES;
				CLANG_WARN__DUPLICATE_METHOD_MATCH = YES;
				CODE_SIGN_IDENTITY = "-";
				COPY_PHASE_STRIP = NO;
				DEBUG_INFORMATION_FORMAT = "dwarf-with-dsym";
				ENABLE_NS_ASSERTIONS = NO;
				ENABLE_STRICT_OBJC_MSGSEND = YES;
				GCC_C_LANGUAGE_STANDARD = gnu99;
				GCC_NO_COMMON_BLOCKS = YES;
				GCC_WARN_64_TO_32_BIT_CONVERSION = YES;
				GCC_WARN_ABOUT_RETURN_TYPE = YES_ERROR;
				GCC_WARN_UNDECLARED_SELECTOR = YES;
				GCC_WARN_UNINITIALIZED_AUTOS = YES_AGGRESSIVE;
				GCC_WARN_UNUSED_FUNCTION = YES;
				GCC_WARN_UNUSED_VARIABLE = YES;
				MACOSX_DEPLOYMENT_TARGET = 10.11;
				MTL_ENABLE_DEBUG_INFO = NO;
				SDKROOT = macosx;
			};
			name = Release;
		};
		D4B1B8BF1CDBFB5100562201 /* Debug */ = {
			isa = XCBuildConfiguration;
			buildSettings = {
				ARCHS = "$(ARCHS_STANDARD)";
				ASSETCATALOG_COMPILER_APPICON_NAME = AppIcon;
				CLANG_ENABLE_MODULES = YES;
				COMBINE_HIDPI_IMAGES = YES;
				INFOPLIST_FILE = CBZed/Info.plist;
				LD_RUNPATH_SEARCH_PATHS = "$(inherited) @executable_path/../Frameworks";
				ONLY_ACTIVE_ARCH = NO;
				PRODUCT_BUNDLE_IDENTIFIER = com.jankenstudios.CBZed;
				PRODUCT_NAME = "$(TARGET_NAME)";
				SWIFT_OBJC_BRIDGING_HEADER = "CBZed/CBZed-Bridging-Header.h";
				SWIFT_OPTIMIZATION_LEVEL = "-Onone";
			};
			name = Debug;
		};
		D4B1B8C01CDBFB5100562201 /* Release */ = {
			isa = XCBuildConfiguration;
			buildSettings = {
				ARCHS = "$(ARCHS_STANDARD)";
				ASSETCATALOG_COMPILER_APPICON_NAME = AppIcon;
				CLANG_ENABLE_MODULES = YES;
				COMBINE_HIDPI_IMAGES = YES;
				INFOPLIST_FILE = CBZed/Info.plist;
				LD_RUNPATH_SEARCH_PATHS = "$(inherited) @executable_path/../Frameworks";
				ONLY_ACTIVE_ARCH = NO;
				PRODUCT_BUNDLE_IDENTIFIER = com.jankenstudios.CBZed;
				PRODUCT_NAME = "$(TARGET_NAME)";
				SWIFT_OBJC_BRIDGING_HEADER = "CBZed/CBZed-Bridging-Header.h";
			};
			name = Release;
		};
		D4B1B8C21CDBFB5100562201 /* Debug */ = {
			isa = XCBuildConfiguration;
			buildSettings = {
				BUNDLE_LOADER = "$(TEST_HOST)";
				COMBINE_HIDPI_IMAGES = YES;
				INFOPLIST_FILE = CBZedTests/Info.plist;
				LD_RUNPATH_SEARCH_PATHS = "$(inherited) @executable_path/../Frameworks @loader_path/../Frameworks";
				PRODUCT_BUNDLE_IDENTIFIER = com.jankenstudios.CBZedTests;
				PRODUCT_NAME = "$(TARGET_NAME)";
				TEST_HOST = "$(BUILT_PRODUCTS_DIR)/CBZed.app/Contents/MacOS/CBZed";
			};
			name = Debug;
		};
		D4B1B8C31CDBFB5100562201 /* Release */ = {
			isa = XCBuildConfiguration;
			buildSettings = {
				BUNDLE_LOADER = "$(TEST_HOST)";
				COMBINE_HIDPI_IMAGES = YES;
				INFOPLIST_FILE = CBZedTests/Info.plist;
				LD_RUNPATH_SEARCH_PATHS = "$(inherited) @executable_path/../Frameworks @loader_path/../Frameworks";
				PRODUCT_BUNDLE_IDENTIFIER = com.jankenstudios.CBZedTests;
				PRODUCT_NAME = "$(TARGET_NAME)";
				TEST_HOST = "$(BUILT_PRODUCTS_DIR)/CBZed.app/Contents/MacOS/CBZed";
			};
			name = Release;
		};
		D4B1B8C51CDBFB5100562201 /* Debug */ = {
			isa = XCBuildConfiguration;
			buildSettings = {
				COMBINE_HIDPI_IMAGES = YES;
				INFOPLIST_FILE = CBZedUITests/Info.plist;
				LD_RUNPATH_SEARCH_PATHS = "$(inherited) @executable_path/../Frameworks @loader_path/../Frameworks";
				PRODUCT_BUNDLE_IDENTIFIER = com.jankenstudios.CBZedUITests;
				PRODUCT_NAME = "$(TARGET_NAME)";
				TEST_TARGET_NAME = CBZed;
			};
			name = Debug;
		};
		D4B1B8C61CDBFB5100562201 /* Release */ = {
			isa = XCBuildConfiguration;
			buildSettings = {
				COMBINE_HIDPI_IMAGES = YES;
				INFOPLIST_FILE = CBZedUITests/Info.plist;
				LD_RUNPATH_SEARCH_PATHS = "$(inherited) @executable_path/../Frameworks @loader_path/../Frameworks";
				PRODUCT_BUNDLE_IDENTIFIER = com.jankenstudios.CBZedUITests;
				PRODUCT_NAME = "$(TARGET_NAME)";
				TEST_TARGET_NAME = CBZed;
			};
			name = Release;
		};
/* End XCBuildConfiguration section */

/* Begin XCConfigurationList section */
		D4B1B8941CDBFB5000562201 /* Build configuration list for PBXProject "CBZed" */ = {
			isa = XCConfigurationList;
			buildConfigurations = (
				D4B1B8BC1CDBFB5100562201 /* Debug */,
				D4B1B8BD1CDBFB5100562201 /* Release */,
			);
			defaultConfigurationIsVisible = 0;
			defaultConfigurationName = Release;
		};
		D4B1B8BE1CDBFB5100562201 /* Build configuration list for PBXNativeTarget "CBZed" */ = {
			isa = XCConfigurationList;
			buildConfigurations = (
				D4B1B8BF1CDBFB5100562201 /* Debug */,
				D4B1B8C01CDBFB5100562201 /* Release */,
			);
			defaultConfigurationIsVisible = 0;
			defaultConfigurationName = Release;
		};
		D4B1B8C11CDBFB5100562201 /* Build configuration list for PBXNativeTarget "CBZedTests" */ = {
			isa = XCConfigurationList;
			buildConfigurations = (
				D4B1B8C21CDBFB5100562201 /* Debug */,
				D4B1B8C31CDBFB5100562201 /* Release */,
			);
			defaultConfigurationIsVisible = 0;
			defaultConfigurationName = Release;
		};
		D4B1B8C41CDBFB5100562201 /* Build configuration list for PBXNativeTarget "CBZedUITests" */ = {
			isa = XCConfigurationList;
			buildConfigurations = (
				D4B1B8C51CDBFB5100562201 /* Debug */,
				D4B1B8C61CDBFB5100562201 /* Release */,
			);
			defaultConfigurationIsVisible = 0;
			defaultConfigurationName = Release;
		};
/* End XCConfigurationList section */
	};
	rootObject = D4B1B8911CDBFB5000562201 /* Project object */;
}
